# This file is automatically @generated by Cargo.
# It is not intended for manual editing.
version = 4

[[package]]
name = "arrayvec"
version = "0.5.2"
source = "registry+https://github.com/rust-lang/crates.io-index"
checksum = "23b62fc65de8e4e7f52534fb52b0f3ed04746ae267519eef2a83941e8085068b"

[[package]]
name = "dissimilar"
version = "1.0.10"
source = "registry+https://github.com/rust-lang/crates.io-index"
checksum = "8975ffdaa0ef3661bfe02dbdcc06c9f829dfafe6a3c474de366a8d5e44276921"

[[package]]
name = "expect-test"
version = "1.5.1"
source = "registry+https://github.com/rust-lang/crates.io-index"
checksum = "63af43ff4431e848fb47472a920f14fa71c24de13255a5692e93d4e90302acb0"
dependencies = [
 "dissimilar",
 "once_cell",
]

[[package]]
name = "once_cell"
version = "1.21.3"
source = "registry+https://github.com/rust-lang/crates.io-index"
checksum = "42f5e15c9953c5e4ccceeb2e7382a716482c34515315f7b03532b8b4e8393d2d"

[[package]]
name = "pretty"
version = "0.12.4"
source = "registry+https://github.com/rust-lang/crates.io-index"
checksum = "ac98773b7109bc75f475ab5a134c9b64b87e59d776d31098d8f346922396a477"
dependencies = [
 "arrayvec",
 "typed-arena",
 "unicode-width",
]

[[package]]
name = "simple-pattern"
version = "0.1.0"
dependencies = [
 "expect-test",
 "pretty",
]

[[package]]
name = "typed-arena"
version = "2.0.2"
source = "registry+https://github.com/rust-lang/crates.io-index"
checksum = "6af6ae20167a9ece4bcb41af5b80f8a1f1df981f6391189ce00fd257af04126a"

[[package]]
name = "unicode-width"
version = "0.1.14"
source = "registry+https://github.com/rust-lang/crates.io-index"
checksum = "7dd6e30e90baa6f72411720665d41d89b9a3d039dc45b8faea1ddd07f617f6af"
